
Microsoft Visual Studio Solution File, Format Version 12.00
# Visual Studio Version 16
VisualStudioVersion = 16.0.31829.152
MinimumVisualStudioVersion = 10.0.40219.1
Project("{FAE04EC0-301F-11D3-BF4B-00C04F79EFBC}") = "uri1095", "uri1095.csproj", "{004344AE-5E33-4A3A-8AAC-FA335ACF3D27}"
EndProject
Global
	GlobalSection(SolutionConfigurationPlatforms) = preSolution
		Debug|Any CPU = Debug|Any CPU
		Release|Any CPU = Release|Any CPU
	EndGlobalSection
	GlobalSection(ProjectConfigurationPlatforms) = postSolution
		{004344AE-5E33-4A3A-8AAC-FA335ACF3D27}.Debug|Any CPU.ActiveCfg = Debug|Any CPU
		{004344AE-5E33-4A3A-8AAC-FA335ACF3D27}.Debug|Any CPU.Build.0 = Debug|Any CPU
		{004344AE-5E33-4A3A-8AAC-FA335ACF3D27}.Release|Any CPU.ActiveCfg = Release|Any CPU
		{004344AE-5E33-4A3A-8AAC-FA335ACF3D27}.Release|Any CPU.Build.0 = Release|Any CPU
	EndGlobalSection
	GlobalSection(SolutionProperties) = preSolution
		HideSolutionNode = FALSE
	EndGlobalSection
	GlobalSection(ExtensibilityGlobals) = postSolution
		SolutionGuid = {24C97115-68D3-4724-8DD7-FE732092A2E8}
	EndGlobalSection
EndGlobal
