
Microsoft Visual Studio Solution File, Format Version 12.00
# Visual Studio Version 16
VisualStudioVersion = 16.0.31829.152
MinimumVisualStudioVersion = 10.0.40219.1
Project("{FAE04EC0-301F-11D3-BF4B-00C04F79EFBC}") = "uri1101", "uri1101.csproj", "{CAF25E72-0DDF-4170-BEFF-FA20663ADDBA}"
EndProject
Global
	GlobalSection(SolutionConfigurationPlatforms) = preSolution
		Debug|Any CPU = Debug|Any CPU
		Release|Any CPU = Release|Any CPU
	EndGlobalSection
	GlobalSection(ProjectConfigurationPlatforms) = postSolution
		{CAF25E72-0DDF-4170-BEFF-FA20663ADDBA}.Debug|Any CPU.ActiveCfg = Debug|Any CPU
		{CAF25E72-0DDF-4170-BEFF-FA20663ADDBA}.Debug|Any CPU.Build.0 = Debug|Any CPU
		{CAF25E72-0DDF-4170-BEFF-FA20663ADDBA}.Release|Any CPU.ActiveCfg = Release|Any CPU
		{CAF25E72-0DDF-4170-BEFF-FA20663ADDBA}.Release|Any CPU.Build.0 = Release|Any CPU
	EndGlobalSection
	GlobalSection(SolutionProperties) = preSolution
		HideSolutionNode = FALSE
	EndGlobalSection
	GlobalSection(ExtensibilityGlobals) = postSolution
		SolutionGuid = {45621DAF-5934-45BF-89DB-37574425DC2C}
	EndGlobalSection
EndGlobal
