
Microsoft Visual Studio Solution File, Format Version 12.00
# Visual Studio Version 16
VisualStudioVersion = 16.0.31829.152
MinimumVisualStudioVersion = 10.0.40219.1
Project("{FAE04EC0-301F-11D3-BF4B-00C04F79EFBC}") = "uri1165", "uri1165.csproj", "{0177A11B-C068-4778-AA0E-38F290ECDD02}"
EndProject
Global
	GlobalSection(SolutionConfigurationPlatforms) = preSolution
		Debug|Any CPU = Debug|Any CPU
		Release|Any CPU = Release|Any CPU
	EndGlobalSection
	GlobalSection(ProjectConfigurationPlatforms) = postSolution
		{0177A11B-C068-4778-AA0E-38F290ECDD02}.Debug|Any CPU.ActiveCfg = Debug|Any CPU
		{0177A11B-C068-4778-AA0E-38F290ECDD02}.Debug|Any CPU.Build.0 = Debug|Any CPU
		{0177A11B-C068-4778-AA0E-38F290ECDD02}.Release|Any CPU.ActiveCfg = Release|Any CPU
		{0177A11B-C068-4778-AA0E-38F290ECDD02}.Release|Any CPU.Build.0 = Release|Any CPU
	EndGlobalSection
	GlobalSection(SolutionProperties) = preSolution
		HideSolutionNode = FALSE
	EndGlobalSection
	GlobalSection(ExtensibilityGlobals) = postSolution
		SolutionGuid = {40ABA3A1-24C3-4D6E-A026-94F53F6EEB74}
	EndGlobalSection
EndGlobal
