
Microsoft Visual Studio Solution File, Format Version 12.00
# Visual Studio Version 17
VisualStudioVersion = 17.2.32616.157
MinimumVisualStudioVersion = 10.0.40219.1
Project("{FAE04EC0-301F-11D3-BF4B-00C04F79EFBC}") = "uri1181", "uri1181\uri1181.csproj", "{51ACF98E-8FA3-4D60-97A6-8551CAFE20D1}"
EndProject
Global
	GlobalSection(SolutionConfigurationPlatforms) = preSolution
		Debug|Any CPU = Debug|Any CPU
		Release|Any CPU = Release|Any CPU
	EndGlobalSection
	GlobalSection(ProjectConfigurationPlatforms) = postSolution
		{51ACF98E-8FA3-4D60-97A6-8551CAFE20D1}.Debug|Any CPU.ActiveCfg = Debug|Any CPU
		{51ACF98E-8FA3-4D60-97A6-8551CAFE20D1}.Debug|Any CPU.Build.0 = Debug|Any CPU
		{51ACF98E-8FA3-4D60-97A6-8551CAFE20D1}.Release|Any CPU.ActiveCfg = Release|Any CPU
		{51ACF98E-8FA3-4D60-97A6-8551CAFE20D1}.Release|Any CPU.Build.0 = Release|Any CPU
	EndGlobalSection
	GlobalSection(SolutionProperties) = preSolution
		HideSolutionNode = FALSE
	EndGlobalSection
	GlobalSection(ExtensibilityGlobals) = postSolution
		SolutionGuid = {6636CEC9-7A1D-4051-B0B9-503C3EDAC8D0}
	EndGlobalSection
EndGlobal
