
Microsoft Visual Studio Solution File, Format Version 12.00
# Visual Studio Version 16
VisualStudioVersion = 16.0.31829.152
MinimumVisualStudioVersion = 10.0.40219.1
Project("{FAE04EC0-301F-11D3-BF4B-00C04F79EFBC}") = "uri1046", "uri1046.csproj", "{C1221E8F-5C53-4BCE-9452-E6525D52A3E2}"
EndProject
Global
	GlobalSection(SolutionConfigurationPlatforms) = preSolution
		Debug|Any CPU = Debug|Any CPU
		Release|Any CPU = Release|Any CPU
	EndGlobalSection
	GlobalSection(ProjectConfigurationPlatforms) = postSolution
		{C1221E8F-5C53-4BCE-9452-E6525D52A3E2}.Debug|Any CPU.ActiveCfg = Debug|Any CPU
		{C1221E8F-5C53-4BCE-9452-E6525D52A3E2}.Debug|Any CPU.Build.0 = Debug|Any CPU
		{C1221E8F-5C53-4BCE-9452-E6525D52A3E2}.Release|Any CPU.ActiveCfg = Release|Any CPU
		{C1221E8F-5C53-4BCE-9452-E6525D52A3E2}.Release|Any CPU.Build.0 = Release|Any CPU
	EndGlobalSection
	GlobalSection(SolutionProperties) = preSolution
		HideSolutionNode = FALSE
	EndGlobalSection
	GlobalSection(ExtensibilityGlobals) = postSolution
		SolutionGuid = {E6F647B4-0FB7-459B-93E6-438DB1EA9B7F}
	EndGlobalSection
EndGlobal
