
Microsoft Visual Studio Solution File, Format Version 12.00
# Visual Studio Version 16
VisualStudioVersion = 16.0.31829.152
MinimumVisualStudioVersion = 10.0.40219.1
Project("{FAE04EC0-301F-11D3-BF4B-00C04F79EFBC}") = "uri1929", "uri1929.csproj", "{51FB205A-AA9B-4DFA-8440-C6FF0E555FAC}"
EndProject
Global
	GlobalSection(SolutionConfigurationPlatforms) = preSolution
		Debug|Any CPU = Debug|Any CPU
		Release|Any CPU = Release|Any CPU
	EndGlobalSection
	GlobalSection(ProjectConfigurationPlatforms) = postSolution
		{51FB205A-AA9B-4DFA-8440-C6FF0E555FAC}.Debug|Any CPU.ActiveCfg = Debug|Any CPU
		{51FB205A-AA9B-4DFA-8440-C6FF0E555FAC}.Debug|Any CPU.Build.0 = Debug|Any CPU
		{51FB205A-AA9B-4DFA-8440-C6FF0E555FAC}.Release|Any CPU.ActiveCfg = Release|Any CPU
		{51FB205A-AA9B-4DFA-8440-C6FF0E555FAC}.Release|Any CPU.Build.0 = Release|Any CPU
	EndGlobalSection
	GlobalSection(SolutionProperties) = preSolution
		HideSolutionNode = FALSE
	EndGlobalSection
	GlobalSection(ExtensibilityGlobals) = postSolution
		SolutionGuid = {6BF841D2-9F27-4268-8A0A-E79A285FB078}
	EndGlobalSection
EndGlobal
