
Microsoft Visual Studio Solution File, Format Version 12.00
# Visual Studio Version 16
VisualStudioVersion = 16.0.31829.152
MinimumVisualStudioVersion = 10.0.40219.1
Project("{FAE04EC0-301F-11D3-BF4B-00C04F79EFBC}") = "uri1040", "uri1040.csproj", "{1AB14BF3-4EC7-461A-8815-069C5E0B1578}"
EndProject
Global
	GlobalSection(SolutionConfigurationPlatforms) = preSolution
		Debug|Any CPU = Debug|Any CPU
		Release|Any CPU = Release|Any CPU
	EndGlobalSection
	GlobalSection(ProjectConfigurationPlatforms) = postSolution
		{1AB14BF3-4EC7-461A-8815-069C5E0B1578}.Debug|Any CPU.ActiveCfg = Debug|Any CPU
		{1AB14BF3-4EC7-461A-8815-069C5E0B1578}.Debug|Any CPU.Build.0 = Debug|Any CPU
		{1AB14BF3-4EC7-461A-8815-069C5E0B1578}.Release|Any CPU.ActiveCfg = Release|Any CPU
		{1AB14BF3-4EC7-461A-8815-069C5E0B1578}.Release|Any CPU.Build.0 = Release|Any CPU
	EndGlobalSection
	GlobalSection(SolutionProperties) = preSolution
		HideSolutionNode = FALSE
	EndGlobalSection
	GlobalSection(ExtensibilityGlobals) = postSolution
		SolutionGuid = {7CD5063F-1CE1-4B35-A3F6-035A3D526043}
	EndGlobalSection
EndGlobal
