
Microsoft Visual Studio Solution File, Format Version 12.00
# Visual Studio Version 17
VisualStudioVersion = 17.2.32616.157
MinimumVisualStudioVersion = 10.0.40219.1
Project("{FAE04EC0-301F-11D3-BF4B-00C04F79EFBC}") = "uri1176", "uri1176\uri1176.csproj", "{0300B95B-0289-4821-BE23-9CB995CAE28D}"
EndProject
Global
	GlobalSection(SolutionConfigurationPlatforms) = preSolution
		Debug|Any CPU = Debug|Any CPU
		Release|Any CPU = Release|Any CPU
	EndGlobalSection
	GlobalSection(ProjectConfigurationPlatforms) = postSolution
		{0300B95B-0289-4821-BE23-9CB995CAE28D}.Debug|Any CPU.ActiveCfg = Debug|Any CPU
		{0300B95B-0289-4821-BE23-9CB995CAE28D}.Debug|Any CPU.Build.0 = Debug|Any CPU
		{0300B95B-0289-4821-BE23-9CB995CAE28D}.Release|Any CPU.ActiveCfg = Release|Any CPU
		{0300B95B-0289-4821-BE23-9CB995CAE28D}.Release|Any CPU.Build.0 = Release|Any CPU
	EndGlobalSection
	GlobalSection(SolutionProperties) = preSolution
		HideSolutionNode = FALSE
	EndGlobalSection
	GlobalSection(ExtensibilityGlobals) = postSolution
		SolutionGuid = {EBF95EE4-C916-4BDE-B457-24D1789CFD53}
	EndGlobalSection
EndGlobal
