
Microsoft Visual Studio Solution File, Format Version 12.00
# Visual Studio Version 16
VisualStudioVersion = 16.0.31829.152
MinimumVisualStudioVersion = 10.0.40219.1
Project("{FAE04EC0-301F-11D3-BF4B-00C04F79EFBC}") = "uri1176", "uri1176.csproj", "{52139A29-033D-46F0-A71E-CEEE098C03A8}"
EndProject
Global
	GlobalSection(SolutionConfigurationPlatforms) = preSolution
		Debug|Any CPU = Debug|Any CPU
		Release|Any CPU = Release|Any CPU
	EndGlobalSection
	GlobalSection(ProjectConfigurationPlatforms) = postSolution
		{52139A29-033D-46F0-A71E-CEEE098C03A8}.Debug|Any CPU.ActiveCfg = Debug|Any CPU
		{52139A29-033D-46F0-A71E-CEEE098C03A8}.Debug|Any CPU.Build.0 = Debug|Any CPU
		{52139A29-033D-46F0-A71E-CEEE098C03A8}.Release|Any CPU.ActiveCfg = Release|Any CPU
		{52139A29-033D-46F0-A71E-CEEE098C03A8}.Release|Any CPU.Build.0 = Release|Any CPU
	EndGlobalSection
	GlobalSection(SolutionProperties) = preSolution
		HideSolutionNode = FALSE
	EndGlobalSection
	GlobalSection(ExtensibilityGlobals) = postSolution
		SolutionGuid = {EC094318-C6B4-449D-BA0E-0D005370036D}
	EndGlobalSection
EndGlobal
