
Microsoft Visual Studio Solution File, Format Version 12.00
# Visual Studio Version 16
VisualStudioVersion = 16.0.31829.152
MinimumVisualStudioVersion = 10.0.40219.1
Project("{FAE04EC0-301F-11D3-BF4B-00C04F79EFBC}") = "uri1096", "uri1096.csproj", "{FCA6F3A6-3481-4552-B918-F91E4010AC24}"
EndProject
Global
	GlobalSection(SolutionConfigurationPlatforms) = preSolution
		Debug|Any CPU = Debug|Any CPU
		Release|Any CPU = Release|Any CPU
	EndGlobalSection
	GlobalSection(ProjectConfigurationPlatforms) = postSolution
		{FCA6F3A6-3481-4552-B918-F91E4010AC24}.Debug|Any CPU.ActiveCfg = Debug|Any CPU
		{FCA6F3A6-3481-4552-B918-F91E4010AC24}.Debug|Any CPU.Build.0 = Debug|Any CPU
		{FCA6F3A6-3481-4552-B918-F91E4010AC24}.Release|Any CPU.ActiveCfg = Release|Any CPU
		{FCA6F3A6-3481-4552-B918-F91E4010AC24}.Release|Any CPU.Build.0 = Release|Any CPU
	EndGlobalSection
	GlobalSection(SolutionProperties) = preSolution
		HideSolutionNode = FALSE
	EndGlobalSection
	GlobalSection(ExtensibilityGlobals) = postSolution
		SolutionGuid = {86EAF5C0-4FAD-479A-87C8-1251F32BCF3A}
	EndGlobalSection
EndGlobal
