
Microsoft Visual Studio Solution File, Format Version 12.00
# Visual Studio Version 16
VisualStudioVersion = 16.0.31829.152
MinimumVisualStudioVersion = 10.0.40219.1
Project("{FAE04EC0-301F-11D3-BF4B-00C04F79EFBC}") = "uri1155", "uri1155.csproj", "{38441E20-DE2A-453E-B7BF-E343C7330C1A}"
EndProject
Global
	GlobalSection(SolutionConfigurationPlatforms) = preSolution
		Debug|Any CPU = Debug|Any CPU
		Release|Any CPU = Release|Any CPU
	EndGlobalSection
	GlobalSection(ProjectConfigurationPlatforms) = postSolution
		{38441E20-DE2A-453E-B7BF-E343C7330C1A}.Debug|Any CPU.ActiveCfg = Debug|Any CPU
		{38441E20-DE2A-453E-B7BF-E343C7330C1A}.Debug|Any CPU.Build.0 = Debug|Any CPU
		{38441E20-DE2A-453E-B7BF-E343C7330C1A}.Release|Any CPU.ActiveCfg = Release|Any CPU
		{38441E20-DE2A-453E-B7BF-E343C7330C1A}.Release|Any CPU.Build.0 = Release|Any CPU
	EndGlobalSection
	GlobalSection(SolutionProperties) = preSolution
		HideSolutionNode = FALSE
	EndGlobalSection
	GlobalSection(ExtensibilityGlobals) = postSolution
		SolutionGuid = {171D6C24-7F6B-4D32-8A0F-ACD95DD11854}
	EndGlobalSection
EndGlobal
