
Microsoft Visual Studio Solution File, Format Version 12.00
# Visual Studio Version 16
VisualStudioVersion = 16.0.31829.152
MinimumVisualStudioVersion = 10.0.40219.1
Project("{FAE04EC0-301F-11D3-BF4B-00C04F79EFBC}") = "uri1157", "uri1157.csproj", "{47BBDD75-16A9-4C31-A0E9-A1695C1F1517}"
EndProject
Global
	GlobalSection(SolutionConfigurationPlatforms) = preSolution
		Debug|Any CPU = Debug|Any CPU
		Release|Any CPU = Release|Any CPU
	EndGlobalSection
	GlobalSection(ProjectConfigurationPlatforms) = postSolution
		{47BBDD75-16A9-4C31-A0E9-A1695C1F1517}.Debug|Any CPU.ActiveCfg = Debug|Any CPU
		{47BBDD75-16A9-4C31-A0E9-A1695C1F1517}.Debug|Any CPU.Build.0 = Debug|Any CPU
		{47BBDD75-16A9-4C31-A0E9-A1695C1F1517}.Release|Any CPU.ActiveCfg = Release|Any CPU
		{47BBDD75-16A9-4C31-A0E9-A1695C1F1517}.Release|Any CPU.Build.0 = Release|Any CPU
	EndGlobalSection
	GlobalSection(SolutionProperties) = preSolution
		HideSolutionNode = FALSE
	EndGlobalSection
	GlobalSection(ExtensibilityGlobals) = postSolution
		SolutionGuid = {DB00E6C8-6DC4-490F-99D9-1BD5213D8968}
	EndGlobalSection
EndGlobal
