
Microsoft Visual Studio Solution File, Format Version 12.00
# Visual Studio Version 16
VisualStudioVersion = 16.0.31829.152
MinimumVisualStudioVersion = 10.0.40219.1
Project("{FAE04EC0-301F-11D3-BF4B-00C04F79EFBC}") = "uri1038", "uri1038.csproj", "{0B7292F9-AEF0-4445-ACAC-0319D0735A04}"
EndProject
Global
	GlobalSection(SolutionConfigurationPlatforms) = preSolution
		Debug|Any CPU = Debug|Any CPU
		Release|Any CPU = Release|Any CPU
	EndGlobalSection
	GlobalSection(ProjectConfigurationPlatforms) = postSolution
		{0B7292F9-AEF0-4445-ACAC-0319D0735A04}.Debug|Any CPU.ActiveCfg = Debug|Any CPU
		{0B7292F9-AEF0-4445-ACAC-0319D0735A04}.Debug|Any CPU.Build.0 = Debug|Any CPU
		{0B7292F9-AEF0-4445-ACAC-0319D0735A04}.Release|Any CPU.ActiveCfg = Release|Any CPU
		{0B7292F9-AEF0-4445-ACAC-0319D0735A04}.Release|Any CPU.Build.0 = Release|Any CPU
	EndGlobalSection
	GlobalSection(SolutionProperties) = preSolution
		HideSolutionNode = FALSE
	EndGlobalSection
	GlobalSection(ExtensibilityGlobals) = postSolution
		SolutionGuid = {16B95FB5-44E3-4AE0-AAEE-4B2595CF7466}
	EndGlobalSection
EndGlobal
