
Microsoft Visual Studio Solution File, Format Version 12.00
# Visual Studio Version 16
VisualStudioVersion = 16.0.31829.152
MinimumVisualStudioVersion = 10.0.40219.1
Project("{FAE04EC0-301F-11D3-BF4B-00C04F79EFBC}") = "uri1154", "uri1154.csproj", "{1CCBD643-8C6B-45C8-B405-65627EE3B759}"
EndProject
Global
	GlobalSection(SolutionConfigurationPlatforms) = preSolution
		Debug|Any CPU = Debug|Any CPU
		Release|Any CPU = Release|Any CPU
	EndGlobalSection
	GlobalSection(ProjectConfigurationPlatforms) = postSolution
		{1CCBD643-8C6B-45C8-B405-65627EE3B759}.Debug|Any CPU.ActiveCfg = Debug|Any CPU
		{1CCBD643-8C6B-45C8-B405-65627EE3B759}.Debug|Any CPU.Build.0 = Debug|Any CPU
		{1CCBD643-8C6B-45C8-B405-65627EE3B759}.Release|Any CPU.ActiveCfg = Release|Any CPU
		{1CCBD643-8C6B-45C8-B405-65627EE3B759}.Release|Any CPU.Build.0 = Release|Any CPU
	EndGlobalSection
	GlobalSection(SolutionProperties) = preSolution
		HideSolutionNode = FALSE
	EndGlobalSection
	GlobalSection(ExtensibilityGlobals) = postSolution
		SolutionGuid = {422827B3-A730-4CF1-B6FA-8BEFB5C8DDE8}
	EndGlobalSection
EndGlobal
