
Microsoft Visual Studio Solution File, Format Version 12.00
# Visual Studio Version 16
VisualStudioVersion = 16.0.31829.152
MinimumVisualStudioVersion = 10.0.40219.1
Project("{FAE04EC0-301F-11D3-BF4B-00C04F79EFBC}") = "uri1021", "uri1021.csproj", "{53BBCDFF-C9DE-41B9-B733-3D5074848FBE}"
EndProject
Global
	GlobalSection(SolutionConfigurationPlatforms) = preSolution
		Debug|Any CPU = Debug|Any CPU
		Release|Any CPU = Release|Any CPU
	EndGlobalSection
	GlobalSection(ProjectConfigurationPlatforms) = postSolution
		{53BBCDFF-C9DE-41B9-B733-3D5074848FBE}.Debug|Any CPU.ActiveCfg = Debug|Any CPU
		{53BBCDFF-C9DE-41B9-B733-3D5074848FBE}.Debug|Any CPU.Build.0 = Debug|Any CPU
		{53BBCDFF-C9DE-41B9-B733-3D5074848FBE}.Release|Any CPU.ActiveCfg = Release|Any CPU
		{53BBCDFF-C9DE-41B9-B733-3D5074848FBE}.Release|Any CPU.Build.0 = Release|Any CPU
	EndGlobalSection
	GlobalSection(SolutionProperties) = preSolution
		HideSolutionNode = FALSE
	EndGlobalSection
	GlobalSection(ExtensibilityGlobals) = postSolution
		SolutionGuid = {F376512C-D172-4404-8C47-434381FE2520}
	EndGlobalSection
EndGlobal
