
Microsoft Visual Studio Solution File, Format Version 12.00
# Visual Studio Version 16
VisualStudioVersion = 16.0.31829.152
MinimumVisualStudioVersion = 10.0.40219.1
Project("{FAE04EC0-301F-11D3-BF4B-00C04F79EFBC}") = "uri1001", "uri1001.csproj", "{2905E63E-36C8-405B-ADFC-575158D526AB}"
EndProject
Global
	GlobalSection(SolutionConfigurationPlatforms) = preSolution
		Debug|Any CPU = Debug|Any CPU
		Release|Any CPU = Release|Any CPU
	EndGlobalSection
	GlobalSection(ProjectConfigurationPlatforms) = postSolution
		{2905E63E-36C8-405B-ADFC-575158D526AB}.Debug|Any CPU.ActiveCfg = Debug|Any CPU
		{2905E63E-36C8-405B-ADFC-575158D526AB}.Debug|Any CPU.Build.0 = Debug|Any CPU
		{2905E63E-36C8-405B-ADFC-575158D526AB}.Release|Any CPU.ActiveCfg = Release|Any CPU
		{2905E63E-36C8-405B-ADFC-575158D526AB}.Release|Any CPU.Build.0 = Release|Any CPU
	EndGlobalSection
	GlobalSection(SolutionProperties) = preSolution
		HideSolutionNode = FALSE
	EndGlobalSection
	GlobalSection(ExtensibilityGlobals) = postSolution
		SolutionGuid = {E2334AD4-561A-4A60-95D8-A9C042454EF3}
	EndGlobalSection
EndGlobal
