
Microsoft Visual Studio Solution File, Format Version 12.00
# Visual Studio Version 16
VisualStudioVersion = 16.0.31829.152
MinimumVisualStudioVersion = 10.0.40219.1
Project("{FAE04EC0-301F-11D3-BF4B-00C04F79EFBC}") = "uri1174", "uri1174.csproj", "{3A262212-F01D-444D-99B1-9DC125BC4D90}"
EndProject
Global
	GlobalSection(SolutionConfigurationPlatforms) = preSolution
		Debug|Any CPU = Debug|Any CPU
		Release|Any CPU = Release|Any CPU
	EndGlobalSection
	GlobalSection(ProjectConfigurationPlatforms) = postSolution
		{3A262212-F01D-444D-99B1-9DC125BC4D90}.Debug|Any CPU.ActiveCfg = Debug|Any CPU
		{3A262212-F01D-444D-99B1-9DC125BC4D90}.Debug|Any CPU.Build.0 = Debug|Any CPU
		{3A262212-F01D-444D-99B1-9DC125BC4D90}.Release|Any CPU.ActiveCfg = Release|Any CPU
		{3A262212-F01D-444D-99B1-9DC125BC4D90}.Release|Any CPU.Build.0 = Release|Any CPU
	EndGlobalSection
	GlobalSection(SolutionProperties) = preSolution
		HideSolutionNode = FALSE
	EndGlobalSection
	GlobalSection(ExtensibilityGlobals) = postSolution
		SolutionGuid = {F971B970-1E97-4C32-8312-12E60A42C155}
	EndGlobalSection
EndGlobal
