
Microsoft Visual Studio Solution File, Format Version 12.00
# Visual Studio Version 16
VisualStudioVersion = 16.0.31829.152
MinimumVisualStudioVersion = 10.0.40219.1
Project("{FAE04EC0-301F-11D3-BF4B-00C04F79EFBC}") = "uri1004", "uri1004.csproj", "{4D088390-EF3F-46B1-B601-5F659D37ED0E}"
EndProject
Global
	GlobalSection(SolutionConfigurationPlatforms) = preSolution
		Debug|Any CPU = Debug|Any CPU
		Release|Any CPU = Release|Any CPU
	EndGlobalSection
	GlobalSection(ProjectConfigurationPlatforms) = postSolution
		{4D088390-EF3F-46B1-B601-5F659D37ED0E}.Debug|Any CPU.ActiveCfg = Debug|Any CPU
		{4D088390-EF3F-46B1-B601-5F659D37ED0E}.Debug|Any CPU.Build.0 = Debug|Any CPU
		{4D088390-EF3F-46B1-B601-5F659D37ED0E}.Release|Any CPU.ActiveCfg = Release|Any CPU
		{4D088390-EF3F-46B1-B601-5F659D37ED0E}.Release|Any CPU.Build.0 = Release|Any CPU
	EndGlobalSection
	GlobalSection(SolutionProperties) = preSolution
		HideSolutionNode = FALSE
	EndGlobalSection
	GlobalSection(ExtensibilityGlobals) = postSolution
		SolutionGuid = {625C6C3B-72AA-48C5-A7ED-157FC54A3A8F}
	EndGlobalSection
EndGlobal
