
Microsoft Visual Studio Solution File, Format Version 12.00
# Visual Studio Version 17
VisualStudioVersion = 17.2.32616.157
MinimumVisualStudioVersion = 10.0.40219.1
Project("{FAE04EC0-301F-11D3-BF4B-00C04F79EFBC}") = "uri1131", "uri1131\uri1131.csproj", "{D8983B13-BC03-4962-9514-0E9696F1F4CE}"
EndProject
Global
	GlobalSection(SolutionConfigurationPlatforms) = preSolution
		Debug|Any CPU = Debug|Any CPU
		Release|Any CPU = Release|Any CPU
	EndGlobalSection
	GlobalSection(ProjectConfigurationPlatforms) = postSolution
		{D8983B13-BC03-4962-9514-0E9696F1F4CE}.Debug|Any CPU.ActiveCfg = Debug|Any CPU
		{D8983B13-BC03-4962-9514-0E9696F1F4CE}.Debug|Any CPU.Build.0 = Debug|Any CPU
		{D8983B13-BC03-4962-9514-0E9696F1F4CE}.Release|Any CPU.ActiveCfg = Release|Any CPU
		{D8983B13-BC03-4962-9514-0E9696F1F4CE}.Release|Any CPU.Build.0 = Release|Any CPU
	EndGlobalSection
	GlobalSection(SolutionProperties) = preSolution
		HideSolutionNode = FALSE
	EndGlobalSection
	GlobalSection(ExtensibilityGlobals) = postSolution
		SolutionGuid = {7FF9E645-B592-4837-965D-B9E6CA544038}
	EndGlobalSection
EndGlobal
