
Microsoft Visual Studio Solution File, Format Version 12.00
# Visual Studio Version 16
VisualStudioVersion = 16.0.31829.152
MinimumVisualStudioVersion = 10.0.40219.1
Project("{FAE04EC0-301F-11D3-BF4B-00C04F79EFBC}") = "uri1177", "uri1177.csproj", "{65963056-DD3A-48FB-A105-84A59E43CF0B}"
EndProject
Global
	GlobalSection(SolutionConfigurationPlatforms) = preSolution
		Debug|Any CPU = Debug|Any CPU
		Release|Any CPU = Release|Any CPU
	EndGlobalSection
	GlobalSection(ProjectConfigurationPlatforms) = postSolution
		{65963056-DD3A-48FB-A105-84A59E43CF0B}.Debug|Any CPU.ActiveCfg = Debug|Any CPU
		{65963056-DD3A-48FB-A105-84A59E43CF0B}.Debug|Any CPU.Build.0 = Debug|Any CPU
		{65963056-DD3A-48FB-A105-84A59E43CF0B}.Release|Any CPU.ActiveCfg = Release|Any CPU
		{65963056-DD3A-48FB-A105-84A59E43CF0B}.Release|Any CPU.Build.0 = Release|Any CPU
	EndGlobalSection
	GlobalSection(SolutionProperties) = preSolution
		HideSolutionNode = FALSE
	EndGlobalSection
	GlobalSection(ExtensibilityGlobals) = postSolution
		SolutionGuid = {FE8B5FA0-29C3-406E-9E99-B628B4C38961}
	EndGlobalSection
EndGlobal
