
Microsoft Visual Studio Solution File, Format Version 12.00
# Visual Studio Version 16
VisualStudioVersion = 16.0.31829.152
MinimumVisualStudioVersion = 10.0.40219.1
Project("{9A19103F-16F7-4668-BE54-9A1E7A4F7556}") = "uri2344", "uri2344.csproj", "{2C5B756E-1F64-4B5E-A308-5374AC6C1F01}"
EndProject
Global
	GlobalSection(SolutionConfigurationPlatforms) = preSolution
		Debug|Any CPU = Debug|Any CPU
		Release|Any CPU = Release|Any CPU
	EndGlobalSection
	GlobalSection(ProjectConfigurationPlatforms) = postSolution
		{2C5B756E-1F64-4B5E-A308-5374AC6C1F01}.Debug|Any CPU.ActiveCfg = Debug|Any CPU
		{2C5B756E-1F64-4B5E-A308-5374AC6C1F01}.Debug|Any CPU.Build.0 = Debug|Any CPU
		{2C5B756E-1F64-4B5E-A308-5374AC6C1F01}.Release|Any CPU.ActiveCfg = Release|Any CPU
		{2C5B756E-1F64-4B5E-A308-5374AC6C1F01}.Release|Any CPU.Build.0 = Release|Any CPU
	EndGlobalSection
	GlobalSection(SolutionProperties) = preSolution
		HideSolutionNode = FALSE
	EndGlobalSection
	GlobalSection(ExtensibilityGlobals) = postSolution
		SolutionGuid = {8FA2B7FB-4EDE-4BC5-B78F-DF6E2161E09F}
	EndGlobalSection
EndGlobal
