
Microsoft Visual Studio Solution File, Format Version 12.00
# Visual Studio Version 16
VisualStudioVersion = 16.0.31829.152
MinimumVisualStudioVersion = 10.0.40219.1
Project("{FAE04EC0-301F-11D3-BF4B-00C04F79EFBC}") = "uri1160", "uri1160.csproj", "{D07B2803-8CE7-41AC-B390-C4904CBCB647}"
EndProject
Global
	GlobalSection(SolutionConfigurationPlatforms) = preSolution
		Debug|Any CPU = Debug|Any CPU
		Release|Any CPU = Release|Any CPU
	EndGlobalSection
	GlobalSection(ProjectConfigurationPlatforms) = postSolution
		{D07B2803-8CE7-41AC-B390-C4904CBCB647}.Debug|Any CPU.ActiveCfg = Debug|Any CPU
		{D07B2803-8CE7-41AC-B390-C4904CBCB647}.Debug|Any CPU.Build.0 = Debug|Any CPU
		{D07B2803-8CE7-41AC-B390-C4904CBCB647}.Release|Any CPU.ActiveCfg = Release|Any CPU
		{D07B2803-8CE7-41AC-B390-C4904CBCB647}.Release|Any CPU.Build.0 = Release|Any CPU
	EndGlobalSection
	GlobalSection(SolutionProperties) = preSolution
		HideSolutionNode = FALSE
	EndGlobalSection
	GlobalSection(ExtensibilityGlobals) = postSolution
		SolutionGuid = {73E48DCB-DC62-494C-A664-C93BD7643809}
	EndGlobalSection
EndGlobal
